// !$*UTF8*$!
{
	archiveVersion = 1;
	classes = {
	};
	objectVersion = 46;
	objects = {

/* Begin PBXBuildFile section */
		32A4D308E30A6269AF0BAFD5 /* Pods_PureCodeUITests.framework in Frameworks */ = {isa = PBXBuildFile; fileRef = F0D8BFD59621033F713C2A95 /* Pods_PureCodeUITests.framework */; };
		906EF7989EEDC1702B6541D8 /* Pods_PureCodeUI.framework in Frameworks */ = {isa = PBXBuildFile; fileRef = 2DF570D8FB6A25C420A0C8A5 /* Pods_PureCodeUI.framework */; };
		AC00387461AE195CA56A7C8B /* Pods_PureCodeUIUITests.framework in Frameworks */ = {isa = PBXBuildFile; fileRef = 11A801ABA1391F857F8156D1 /* Pods_PureCodeUIUITests.framework */; };
		D41B78371D3A72F000068FAF /* MoreDetailViewController.swift in Sources */ = {isa = PBXBuildFile; fileRef = D41B78361D3A72F000068FAF /* MoreDetailViewController.swift */; };
		D48341771D393CC2007A7F59 /* AppDelegate.swift in Sources */ = {isa = PBXBuildFile; fileRef = D48341761D393CC2007A7F59 /* AppDelegate.swift */; };
		D48341791D393CC2007A7F59 /* ViewController.swift in Sources */ = {isa = PBXBuildFile; fileRef = D48341781D393CC2007A7F59 /* ViewController.swift */; };
		D483417E1D393CC2007A7F59 /* Assets.xcassets in Resources */ = {isa = PBXBuildFile; fileRef = D483417D1D393CC2007A7F59 /* Assets.xcassets */; };
		D483418C1D393CC2007A7F59 /* PureCodeUITests.swift in Sources */ = {isa = PBXBuildFile; fileRef = D483418B1D393CC2007A7F59 /* PureCodeUITests.swift */; };
		D48341971D393CC2007A7F59 /* PureCodeUIUITests.swift in Sources */ = {isa = PBXBuildFile; fileRef = D48341961D393CC2007A7F59 /* PureCodeUIUITests.swift */; };
		D48341A51D3942AF007A7F59 /* SecondViewController.swift in Sources */ = {isa = PBXBuildFile; fileRef = D48341A41D3942AF007A7F59 /* SecondViewController.swift */; };
		D48341A71D394400007A7F59 /* Launch Screen.storyboard in Resources */ = {isa = PBXBuildFile; fileRef = D48341A61D394400007A7F59 /* Launch Screen.storyboard */; };
		D48341A91D394DF7007A7F59 /* LineItemCell.swift in Sources */ = {isa = PBXBuildFile; fileRef = D48341A81D394DF7007A7F59 /* LineItemCell.swift */; };
		D48341AB1D39CFC8007A7F59 /* DetailViewController.swift in Sources */ = {isa = PBXBuildFile; fileRef = D48341AA1D39CFC8007A7F59 /* DetailViewController.swift */; };
		D4A7D1D21D451DDF00D94BF5 /* BuyerCompany.swift in Sources */ = {isa = PBXBuildFile; fileRef = D4A7D1D11D451DDF00D94BF5 /* BuyerCompany.swift */; };
/* End PBXBuildFile section */

/* Begin PBXContainerItemProxy section */
		D48341881D393CC2007A7F59 /* PBXContainerItemProxy */ = {
			isa = PBXContainerItemProxy;
			containerPortal = D483416B1D393CC2007A7F59 /* Project object */;
			proxyType = 1;
			remoteGlobalIDString = D48341721D393CC2007A7F59;
			remoteInfo = PureCodeUI;
		};
		D48341931D393CC2007A7F59 /* PBXContainerItemProxy */ = {
			isa = PBXContainerItemProxy;
			containerPortal = D483416B1D393CC2007A7F59 /* Project object */;
			proxyType = 1;
			remoteGlobalIDString = D48341721D393CC2007A7F59;
			remoteInfo = PureCodeUI;
		};
/* End PBXContainerItemProxy section */

/* Begin PBXFileReference section */
		11A801ABA1391F857F8156D1 /* Pods_PureCodeUIUITests.framework */ = {isa = PBXFileReference; explicitFileType = wrapper.framework; includeInIndex = 0; path = Pods_PureCodeUIUITests.framework; sourceTree = BUILT_PRODUCTS_DIR; };
		2DF570D8FB6A25C420A0C8A5 /* Pods_PureCodeUI.framework */ = {isa = PBXFileReference; explicitFileType = wrapper.framework; includeInIndex = 0; path = Pods_PureCodeUI.framework; sourceTree = BUILT_PRODUCTS_DIR; };
		3DD302E7C8CA845E39C04B4B /* Pods-PureCodeUI.release.xcconfig */ = {isa = PBXFileReference; includeInIndex = 1; lastKnownFileType = text.xcconfig; name = "Pods-PureCodeUI.release.xcconfig"; path = "Pods/Target Support Files/Pods-PureCodeUI/Pods-PureCodeUI.release.xcconfig"; sourceTree = "<group>"; };
		45B0B917754AD39DEA3A9190 /* Pods-PureCodeUITests.release.xcconfig */ = {isa = PBXFileReference; includeInIndex = 1; lastKnownFileType = text.xcconfig; name = "Pods-PureCodeUITests.release.xcconfig"; path = "Pods/Target Support Files/Pods-PureCodeUITests/Pods-PureCodeUITests.release.xcconfig"; sourceTree = "<group>"; };
		6E67E2E68C27E7E58A47F5C9 /* Pods-PureCodeUITests.debug.xcconfig */ = {isa = PBXFileReference; includeInIndex = 1; lastKnownFileType = text.xcconfig; name = "Pods-PureCodeUITests.debug.xcconfig"; path = "Pods/Target Support Files/Pods-PureCodeUITests/Pods-PureCodeUITests.debug.xcconfig"; sourceTree = "<group>"; };
		747BFEBDDDC7CED3F418BFD1 /* Pods-PureCodeUIUITests.debug.xcconfig */ = {isa = PBXFileReference; includeInIndex = 1; lastKnownFileType = text.xcconfig; name = "Pods-PureCodeUIUITests.debug.xcconfig"; path = "Pods/Target Support Files/Pods-PureCodeUIUITests/Pods-PureCodeUIUITests.debug.xcconfig"; sourceTree = "<group>"; };
		9E8495FF3996121D815EF3B0 /* Pods-PureCodeUIUITests.release.xcconfig */ = {isa = PBXFileReference; includeInIndex = 1; lastKnownFileType = text.xcconfig; name = "Pods-PureCodeUIUITests.release.xcconfig"; path = "Pods/Target Support Files/Pods-PureCodeUIUITests/Pods-PureCodeUIUITests.release.xcconfig"; sourceTree = "<group>"; };
		C86C61648AEC3405553949B6 /* Pods-PureCodeUI.debug.xcconfig */ = {isa = PBXFileReference; includeInIndex = 1; lastKnownFileType = text.xcconfig; name = "Pods-PureCodeUI.debug.xcconfig"; path = "Pods/Target Support Files/Pods-PureCodeUI/Pods-PureCodeUI.debug.xcconfig"; sourceTree = "<group>"; };
		D41B78361D3A72F000068FAF /* MoreDetailViewController.swift */ = {isa = PBXFileReference; fileEncoding = 4; lastKnownFileType = sourcecode.swift; path = MoreDetailViewController.swift; sourceTree = "<group>"; };
		D48341731D393CC2007A7F59 /* PureCodeUI.app */ = {isa = PBXFileReference; explicitFileType = wrapper.application; includeInIndex = 0; path = PureCodeUI.app; sourceTree = BUILT_PRODUCTS_DIR; };
		D48341761D393CC2007A7F59 /* AppDelegate.swift */ = {isa = PBXFileReference; lastKnownFileType = sourcecode.swift; path = AppDelegate.swift; sourceTree = "<group>"; };
		D48341781D393CC2007A7F59 /* ViewController.swift */ = {isa = PBXFileReference; lastKnownFileType = sourcecode.swift; path = ViewController.swift; sourceTree = "<group>"; };
		D483417D1D393CC2007A7F59 /* Assets.xcassets */ = {isa = PBXFileReference; lastKnownFileType = folder.assetcatalog; path = Assets.xcassets; sourceTree = "<group>"; };
		D48341821D393CC2007A7F59 /* Info.plist */ = {isa = PBXFileReference; lastKnownFileType = text.plist.xml; path = Info.plist; sourceTree = "<group>"; };
		D48341871D393CC2007A7F59 /* PureCodeUITests.xctest */ = {isa = PBXFileReference; explicitFileType = wrapper.cfbundle; includeInIndex = 0; path = PureCodeUITests.xctest; sourceTree = BUILT_PRODUCTS_DIR; };
		D483418B1D393CC2007A7F59 /* PureCodeUITests.swift */ = {isa = PBXFileReference; lastKnownFileType = sourcecode.swift; path = PureCodeUITests.swift; sourceTree = "<group>"; };
		D483418D1D393CC2007A7F59 /* Info.plist */ = {isa = PBXFileReference; lastKnownFileType = text.plist.xml; path = Info.plist; sourceTree = "<group>"; };
		D48341921D393CC2007A7F59 /* PureCodeUIUITests.xctest */ = {isa = PBXFileReference; explicitFileType = wrapper.cfbundle; includeInIndex = 0; path = PureCodeUIUITests.xctest; sourceTree = BUILT_PRODUCTS_DIR; };
		D48341961D393CC2007A7F59 /* PureCodeUIUITests.swift */ = {isa = PBXFileReference; lastKnownFileType = sourcecode.swift; path = PureCodeUIUITests.swift; sourceTree = "<group>"; };
		D48341981D393CC2007A7F59 /* Info.plist */ = {isa = PBXFileReference; lastKnownFileType = text.plist.xml; path = Info.plist; sourceTree = "<group>"; };
		D48341A41D3942AF007A7F59 /* SecondViewController.swift */ = {isa = PBXFileReference; fileEncoding = 4; lastKnownFileType = sourcecode.swift; path = SecondViewController.swift; sourceTree = "<group>"; };
		D48341A61D394400007A7F59 /* Launch Screen.storyboard */ = {isa = PBXFileReference; fileEncoding = 4; lastKnownFileType = file.storyboard; path = "Launch Screen.storyboard"; sourceTree = "<group>"; };
		D48341A81D394DF7007A7F59 /* LineItemCell.swift */ = {isa = PBXFileReference; fileEncoding = 4; lastKnownFileType = sourcecode.swift; path = LineItemCell.swift; sourceTree = "<group>"; };
		D48341AA1D39CFC8007A7F59 /* DetailViewController.swift */ = {isa = PBXFileReference; fileEncoding = 4; lastKnownFileType = sourcecode.swift; path = DetailViewController.swift; sourceTree = "<group>"; };
		D4A7D1D11D451DDF00D94BF5 /* BuyerCompany.swift */ = {isa = PBXFileReference; fileEncoding = 4; lastKnownFileType = sourcecode.swift; path = BuyerCompany.swift; sourceTree = "<group>"; };
		F0D8BFD59621033F713C2A95 /* Pods_PureCodeUITests.framework */ = {isa = PBXFileReference; explicitFileType = wrapper.framework; includeInIndex = 0; path = Pods_PureCodeUITests.framework; sourceTree = BUILT_PRODUCTS_DIR; };
/* End PBXFileReference section */

/* Begin PBXFrameworksBuildPhase section */
		D48341701D393CC2007A7F59 /* Frameworks */ = {
			isa = PBXFrameworksBuildPhase;
			buildActionMask = 2147483647;
			files = (
				906EF7989EEDC1702B6541D8 /* Pods_PureCodeUI.framework in Frameworks */,
			);
			runOnlyForDeploymentPostprocessing = 0;
		};
		D48341841D393CC2007A7F59 /* Frameworks */ = {
			isa = PBXFrameworksBuildPhase;
			buildActionMask = 2147483647;
			files = (
				32A4D308E30A6269AF0BAFD5 /* Pods_PureCodeUITests.framework in Frameworks */,
			);
			runOnlyForDeploymentPostprocessing = 0;
		};
		D483418F1D393CC2007A7F59 /* Frameworks */ = {
			isa = PBXFrameworksBuildPhase;
			buildActionMask = 2147483647;
			files = (
				AC00387461AE195CA56A7C8B /* Pods_PureCodeUIUITests.framework in Frameworks */,
			);
			runOnlyForDeploymentPostprocessing = 0;
		};
/* End PBXFrameworksBuildPhase section */

/* Begin PBXGroup section */
		CB5571535CDDF23059841CE4 /* Frameworks */ = {
			isa = PBXGroup;
			children = (
				2DF570D8FB6A25C420A0C8A5 /* Pods_PureCodeUI.framework */,
				F0D8BFD59621033F713C2A95 /* Pods_PureCodeUITests.framework */,
				11A801ABA1391F857F8156D1 /* Pods_PureCodeUIUITests.framework */,
			);
			name = Frameworks;
			sourceTree = "<group>";
		};
		D483416A1D393CC2007A7F59 = {
			isa = PBXGroup;
			children = (
				D48341751D393CC2007A7F59 /* PureCodeUI */,
				D483418A1D393CC2007A7F59 /* PureCodeUITests */,
				D48341951D393CC2007A7F59 /* PureCodeUIUITests */,
				D48341741D393CC2007A7F59 /* Products */,
				D9042127FF9DD4E1EBBEC7A6 /* Pods */,
				CB5571535CDDF23059841CE4 /* Frameworks */,
			);
			sourceTree = "<group>";
		};
		D48341741D393CC2007A7F59 /* Products */ = {
			isa = PBXGroup;
			children = (
				D48341731D393CC2007A7F59 /* PureCodeUI.app */,
				D48341871D393CC2007A7F59 /* PureCodeUITests.xctest */,
				D48341921D393CC2007A7F59 /* PureCodeUIUITests.xctest */,
			);
			name = Products;
			sourceTree = "<group>";
		};
		D48341751D393CC2007A7F59 /* PureCodeUI */ = {
			isa = PBXGroup;
			children = (
				D48341761D393CC2007A7F59 /* AppDelegate.swift */,
				D48341A61D394400007A7F59 /* Launch Screen.storyboard */,
				D48341781D393CC2007A7F59 /* ViewController.swift */,
				D483417D1D393CC2007A7F59 /* Assets.xcassets */,
				D48341821D393CC2007A7F59 /* Info.plist */,
				D48341A41D3942AF007A7F59 /* SecondViewController.swift */,
				D48341A81D394DF7007A7F59 /* LineItemCell.swift */,
				D48341AA1D39CFC8007A7F59 /* DetailViewController.swift */,
				D41B78361D3A72F000068FAF /* MoreDetailViewController.swift */,
				D4A7D1D11D451DDF00D94BF5 /* BuyerCompany.swift */,
			);
			path = PureCodeUI;
			sourceTree = "<group>";
		};
		D483418A1D393CC2007A7F59 /* PureCodeUITests */ = {
			isa = PBXGroup;
			children = (
				D483418B1D393CC2007A7F59 /* PureCodeUITests.swift */,
				D483418D1D393CC2007A7F59 /* Info.plist */,
			);
			path = PureCodeUITests;
			sourceTree = "<group>";
		};
		D48341951D393CC2007A7F59 /* PureCodeUIUITests */ = {
			isa = PBXGroup;
			children = (
				D48341961D393CC2007A7F59 /* PureCodeUIUITests.swift */,
				D48341981D393CC2007A7F59 /* Info.plist */,
			);
			path = PureCodeUIUITests;
			sourceTree = "<group>";
		};
		D9042127FF9DD4E1EBBEC7A6 /* Pods */ = {
			isa = PBXGroup;
			children = (
				C86C61648AEC3405553949B6 /* Pods-PureCodeUI.debug.xcconfig */,
				3DD302E7C8CA845E39C04B4B /* Pods-PureCodeUI.release.xcconfig */,
				6E67E2E68C27E7E58A47F5C9 /* Pods-PureCodeUITests.debug.xcconfig */,
				45B0B917754AD39DEA3A9190 /* Pods-PureCodeUITests.release.xcconfig */,
				747BFEBDDDC7CED3F418BFD1 /* Pods-PureCodeUIUITests.debug.xcconfig */,
				9E8495FF3996121D815EF3B0 /* Pods-PureCodeUIUITests.release.xcconfig */,
			);
			name = Pods;
			sourceTree = "<group>";
		};
/* End PBXGroup section */

/* Begin PBXNativeTarget section */
		D48341721D393CC2007A7F59 /* PureCodeUI */ = {
			isa = PBXNativeTarget;
			buildConfigurationList = D483419B1D393CC2007A7F59 /* Build configuration list for PBXNativeTarget "PureCodeUI" */;
			buildPhases = (
				576F762EAF625F4A248A5E54 /* [CP] Check Pods Manifest.lock */,
				D483416F1D393CC2007A7F59 /* Sources */,
				D48341701D393CC2007A7F59 /* Frameworks */,
				D48341711D393CC2007A7F59 /* Resources */,
				1C3D0B95E36A5A4542608AA2 /* [CP] Embed Pods Frameworks */,
				6B687F295B7F983DCB7C3459 /* [CP] Copy Pods Resources */,
			);
			buildRules = (
			);
			dependencies = (
			);
			name = PureCodeUI;
			productName = PureCodeUI;
			productReference = D48341731D393CC2007A7F59 /* PureCodeUI.app */;
			productType = "com.apple.product-type.application";
		};
		D48341861D393CC2007A7F59 /* PureCodeUITests */ = {
			isa = PBXNativeTarget;
			buildConfigurationList = D483419E1D393CC2007A7F59 /* Build configuration list for PBXNativeTarget "PureCodeUITests" */;
			buildPhases = (
				EC27C9B4DBC9E7163ADBDCF1 /* [CP] Check Pods Manifest.lock */,
				D48341831D393CC2007A7F59 /* Sources */,
				D48341841D393CC2007A7F59 /* Frameworks */,
				D48341851D393CC2007A7F59 /* Resources */,
				C9E2CD641B92415B02AEA0F9 /* [CP] Embed Pods Frameworks */,
				05B4F55EF7B6866138095BED /* [CP] Copy Pods Resources */,
			);
			buildRules = (
			);
			dependencies = (
				D48341891D393CC2007A7F59 /* PBXTargetDependency */,
			);
			name = PureCodeUITests;
			productName = PureCodeUITests;
			productReference = D48341871D393CC2007A7F59 /* PureCodeUITests.xctest */;
			productType = "com.apple.product-type.bundle.unit-test";
		};
		D48341911D393CC2007A7F59 /* PureCodeUIUITests */ = {
			isa = PBXNativeTarget;
			buildConfigurationList = D48341A11D393CC2007A7F59 /* Build configuration list for PBXNativeTarget "PureCodeUIUITests" */;
			buildPhases = (
				01418291D393CC572E2DA8F8 /* [CP] Check Pods Manifest.lock */,
				D483418E1D393CC2007A7F59 /* Sources */,
				D483418F1D393CC2007A7F59 /* Frameworks */,
				D48341901D393CC2007A7F59 /* Resources */,
				49CB4006B5D784BAA17D49CC /* [CP] Copy Pods Resources */,
			);
			buildRules = (
			);
			dependencies = (
				D48341941D393CC2007A7F59 /* PBXTargetDependency */,
			);
			name = PureCodeUIUITests;
			productName = PureCodeUIUITests;
			productReference = D48341921D393CC2007A7F59 /* PureCodeUIUITests.xctest */;
			productType = "com.apple.product-type.bundle.ui-testing";
		};
/* End PBXNativeTarget section */

/* Begin PBXProject section */
		D483416B1D393CC2007A7F59 /* Project object */ = {
			isa = PBXProject;
			attributes = {
				LastSwiftUpdateCheck = 0730;
				LastUpgradeCheck = 0730;
				ORGANIZATIONNAME = "张喜来";
				TargetAttributes = {
					D48341721D393CC2007A7F59 = {
						CreatedOnToolsVersion = 7.3.1;
						DevelopmentTeam = BLU67A7A36;
					};
					D48341861D393CC2007A7F59 = {
						CreatedOnToolsVersion = 7.3.1;
						TestTargetID = D48341721D393CC2007A7F59;
					};
					D48341911D393CC2007A7F59 = {
						CreatedOnToolsVersion = 7.3.1;
						TestTargetID = D48341721D393CC2007A7F59;
					};
				};
			};
			buildConfigurationList = D483416E1D393CC2007A7F59 /* Build configuration list for PBXProject "PureCodeUI" */;
			compatibilityVersion = "Xcode 3.2";
			developmentRegion = English;
			hasScannedForEncodings = 0;
			knownRegions = (
				en,
				Base,
			);
			mainGroup = D483416A1D393CC2007A7F59;
			productRefGroup = D48341741D393CC2007A7F59 /* Products */;
			projectDirPath = "";
			projectRoot = "";
			targets = (
				D48341721D393CC2007A7F59 /* PureCodeUI */,
				D48341861D393CC2007A7F59 /* PureCodeUITests */,
				D48341911D393CC2007A7F59 /* PureCodeUIUITests */,
			);
		};
/* End PBXProject section */

/* Begin PBXResourcesBuildPhase section */
		D48341711D393CC2007A7F59 /* Resources */ = {
			isa = PBXResourcesBuildPhase;
			buildActionMask = 2147483647;
			files = (
				D48341A71D394400007A7F59 /* Launch Screen.storyboard in Resources */,
				D483417E1D393CC2007A7F59 /* Assets.xcassets in Resources */,
			);
			runOnlyForDeploymentPostprocessing = 0;
		};
		D48341851D393CC2007A7F59 /* Resources */ = {
			isa = PBXResourcesBuildPhase;
			buildActionMask = 2147483647;
			files = (
			);
			runOnlyForDeploymentPostprocessing = 0;
		};
		D48341901D393CC2007A7F59 /* Resources */ = {
			isa = PBXResourcesBuildPhase;
			buildActionMask = 2147483647;
			files = (
			);
			runOnlyForDeploymentPostprocessing = 0;
		};
/* End PBXResourcesBuildPhase section */

/* Begin PBXShellScriptBuildPhase section */
		01418291D393CC572E2DA8F8 /* [CP] Check Pods Manifest.lock */ = {
			isa = PBXShellScriptBuildPhase;
			buildActionMask = 2147483647;
			files = (
			);
			inputPaths = (
			);
			name = "[CP] Check Pods Manifest.lock";
			outputPaths = (
			);
			runOnlyForDeploymentPostprocessing = 0;
			shellPath = /bin/sh;
			shellScript = "diff \"${PODS_ROOT}/../Podfile.lock\" \"${PODS_ROOT}/Manifest.lock\" > /dev/null\nif [[ $? != 0 ]] ; then\n    cat << EOM\nerror: The sandbox is not in sync with the Podfile.lock. Run 'pod install' or update your CocoaPods installation.\nEOM\n    exit 1\nfi\n";
			showEnvVarsInLog = 0;
		};
		05B4F55EF7B6866138095BED /* [CP] Copy Pods Resources */ = {
			isa = PBXShellScriptBuildPhase;
			buildActionMask = 2147483647;
			files = (
			);
			inputPaths = (
			);
			name = "[CP] Copy Pods Resources";
			outputPaths = (
			);
			runOnlyForDeploymentPostprocessing = 0;
			shellPath = /bin/sh;
			shellScript = "\"${SRCROOT}/Pods/Target Support Files/Pods-PureCodeUITests/Pods-PureCodeUITests-resources.sh\"\n";
			showEnvVarsInLog = 0;
		};
		1C3D0B95E36A5A4542608AA2 /* [CP] Embed Pods Frameworks */ = {
			isa = PBXShellScriptBuildPhase;
			buildActionMask = 2147483647;
			files = (
			);
			inputPaths = (
			);
			name = "[CP] Embed Pods Frameworks";
			outputPaths = (
			);
			runOnlyForDeploymentPostprocessing = 0;
			shellPath = /bin/sh;
			shellScript = "\"${SRCROOT}/Pods/Target Support Files/Pods-PureCodeUI/Pods-PureCodeUI-frameworks.sh\"\n";
			showEnvVarsInLog = 0;
		};
		49CB4006B5D784BAA17D49CC /* [CP] Copy Pods Resources */ = {
			isa = PBXShellScriptBuildPhase;
			buildActionMask = 2147483647;
			files = (
			);
			inputPaths = (
			);
			name = "[CP] Copy Pods Resources";
			outputPaths = (
			);
			runOnlyForDeploymentPostprocessing = 0;
			shellPath = /bin/sh;
			shellScript = "\"${SRCROOT}/Pods/Target Support Files/Pods-PureCodeUIUITests/Pods-PureCodeUIUITests-resources.sh\"\n";
			showEnvVarsInLog = 0;
		};
		576F762EAF625F4A248A5E54 /* [CP] Check Pods Manifest.lock */ = {
			isa = PBXShellScriptBuildPhase;
			buildActionMask = 2147483647;
			files = (
			);
			inputPaths = (
			);
			name = "[CP] Check Pods Manifest.lock";
			outputPaths = (
			);
			runOnlyForDeploymentPostprocessing = 0;
			shellPath = /bin/sh;
			shellScript = "diff \"${PODS_ROOT}/../Podfile.lock\" \"${PODS_ROOT}/Manifest.lock\" > /dev/null\nif [[ $? != 0 ]] ; then\n    cat << EOM\nerror: The sandbox is not in sync with the Podfile.lock. Run 'pod install' or update your CocoaPods installation.\nEOM\n    exit 1\nfi\n";
			showEnvVarsInLog = 0;
		};
		6B687F295B7F983DCB7C3459 /* [CP] Copy Pods Resources */ = {
			isa = PBXShellScriptBuildPhase;
			buildActionMask = 2147483647;
			files = (
			);
			inputPaths = (
			);
			name = "[CP] Copy Pods Resources";
			outputPaths = (
			);
			runOnlyForDeploymentPostprocessing = 0;
			shellPath = /bin/sh;
			shellScript = "\"${SRCROOT}/Pods/Target Support Files/Pods-PureCodeUI/Pods-PureCodeUI-resources.sh\"\n";
			showEnvVarsInLog = 0;
		};
		C9E2CD641B92415B02AEA0F9 /* [CP] Embed Pods Frameworks */ = {
			isa = PBXShellScriptBuildPhase;
			buildActionMask = 2147483647;
			files = (
			);
			inputPaths = (
			);
			name = "[CP] Embed Pods Frameworks";
			outputPaths = (
			);
			runOnlyForDeploymentPostprocessing = 0;
			shellPath = /bin/sh;
			shellScript = "\"${SRCROOT}/Pods/Target Support Files/Pods-PureCodeUITests/Pods-PureCodeUITests-frameworks.sh\"\n";
			showEnvVarsInLog = 0;
		};
		EC27C9B4DBC9E7163ADBDCF1 /* [CP] Check Pods Manifest.lock */ = {
			isa = PBXShellScriptBuildPhase;
			buildActionMask = 2147483647;
			files = (
			);
			inputPaths = (
			);
			name = "[CP] Check Pods Manifest.lock";
			outputPaths = (
			);
			runOnlyForDeploymentPostprocessing = 0;
			shellPath = /bin/sh;
			shellScript = "diff \"${PODS_ROOT}/../Podfile.lock\" \"${PODS_ROOT}/Manifest.lock\" > /dev/null\nif [[ $? != 0 ]] ; then\n    cat << EOM\nerror: The sandbox is not in sync with the Podfile.lock. Run 'pod install' or update your CocoaPods installation.\nEOM\n    exit 1\nfi\n";
			showEnvVarsInLog = 0;
		};
/* End PBXShellScriptBuildPhase section */

/* Begin PBXSourcesBuildPhase section */
		D483416F1D393CC2007A7F59 /* Sources */ = {
			isa = PBXSourcesBuildPhase;
			buildActionMask = 2147483647;
			files = (
				D41B78371D3A72F000068FAF /* MoreDetailViewController.swift in Sources */,
				D48341A91D394DF7007A7F59 /* LineItemCell.swift in Sources */,
				D48341A51D3942AF007A7F59 /* SecondViewController.swift in Sources */,
				D48341AB1D39CFC8007A7F59 /* DetailViewController.swift in Sources */,
				D48341791D393CC2007A7F59 /* ViewController.swift in Sources */,
				D48341771D393CC2007A7F59 /* AppDelegate.swift in Sources */,
				D4A7D1D21D451DDF00D94BF5 /* BuyerCompany.swift in Sources */,
			);
			runOnlyForDeploymentPostprocessing = 0;
		};
		D48341831D393CC2007A7F59 /* Sources */ = {
			isa = PBXSourcesBuildPhase;
			buildActionMask = 2147483647;
			files = (
				D483418C1D393CC2007A7F59 /* PureCodeUITests.swift in Sources */,
			);
			runOnlyForDeploymentPostprocessing = 0;
		};
		D483418E1D393CC2007A7F59 /* Sources */ = {
			isa = PBXSourcesBuildPhase;
			buildActionMask = 2147483647;
			files = (
				D48341971D393CC2007A7F59 /* PureCodeUIUITests.swift in Sources */,
			);
			runOnlyForDeploymentPostprocessing = 0;
		};
/* End PBXSourcesBuildPhase section */

/* Begin PBXTargetDependency section */
		D48341891D393CC2007A7F59 /* PBXTargetDependency */ = {
			isa = PBXTargetDependency;
			target = D48341721D393CC2007A7F59 /* PureCodeUI */;
			targetProxy = D48341881D393CC2007A7F59 /* PBXContainerItemProxy */;
		};
		D48341941D393CC2007A7F59 /* PBXTargetDependency */ = {
			isa = PBXTargetDependency;
			target = D48341721D393CC2007A7F59 /* PureCodeUI */;
			targetProxy = D48341931D393CC2007A7F59 /* PBXContainerItemProxy */;
		};
/* End PBXTargetDependency section */

/* Begin XCBuildConfiguration section */
		D48341991D393CC2007A7F59 /* Debug */ = {
			isa = XCBuildConfiguration;
			buildSettings = {
				ALWAYS_SEARCH_USER_PATHS = NO;
				CLANG_ANALYZER_NONNULL = YES;
				CLANG_CXX_LANGUAGE_STANDARD = "gnu++0x";
				CLANG_CXX_LIBRARY = "libc++";
				CLANG_ENABLE_MODULES = YES;
				CLANG_ENABLE_OBJC_ARC = YES;
				CLANG_WARN_BOOL_CONVERSION = YES;
				CLANG_WARN_CONSTANT_CONVERSION = YES;
				CLANG_WARN_DIRECT_OBJC_ISA_USAGE = YES_ERROR;
				CLANG_WARN_EMPTY_BODY = YES;
				CLANG_WARN_ENUM_CONVERSION = YES;
				CLANG_WARN_INT_CONVERSION = YES;
				CLANG_WARN_OBJC_ROOT_CLASS = YES_ERROR;
				CLANG_WARN_UNREACHABLE_CODE = YES;
				CLANG_WARN__DUPLICATE_METHOD_MATCH = YES;
				"CODE_SIGN_IDENTITY[sdk=iphoneos*]" = "iPhone Developer";
				COPY_PHASE_STRIP = NO;
				DEBUG_INFORMATION_FORMAT = dwarf;
				ENABLE_STRICT_OBJC_MSGSEND = YES;
				ENABLE_TESTABILITY = YES;
				GCC_C_LANGUAGE_STANDARD = gnu99;
				GCC_DYNAMIC_NO_PIC = NO;
				GCC_NO_COMMON_BLOCKS = YES;
				GCC_OPTIMIZATION_LEVEL = 0;
				GCC_PREPROCESSOR_DEFINITIONS = (
					"DEBUG=1",
					"$(inherited)",
				);
				GCC_WARN_64_TO_32_BIT_CONVERSION = YES;
				GCC_WARN_ABOUT_RETURN_TYPE = YES_ERROR;
				GCC_WARN_UNDECLARED_SELECTOR = YES;
				GCC_WARN_UNINITIALIZED_AUTOS = YES_AGGRESSIVE;
				GCC_WARN_UNUSED_FUNCTION = YES;
				GCC_WARN_UNUSED_VARIABLE = YES;
				IPHONEOS_DEPLOYMENT_TARGET = 9.3;
				MTL_ENABLE_DEBUG_INFO = YES;
				ONLY_ACTIVE_ARCH = YES;
				SDKROOT = iphoneos;
				SWIFT_OPTIMIZATION_LEVEL = "-Onone";
				TARGETED_DEVICE_FAMILY = "1,2";
			};
			name = Debug;
		};
		D483419A1D393CC2007A7F59 /* Release */ = {
			isa = XCBuildConfiguration;
			buildSettings = {
				ALWAYS_SEARCH_USER_PATHS = NO;
				CLANG_ANALYZER_NONNULL = YES;
				CLANG_CXX_LANGUAGE_STANDARD = "gnu++0x";
				CLANG_CXX_LIBRARY = "libc++";
				CLANG_ENABLE_MODULES = YES;
				CLANG_ENABLE_OBJC_ARC = YES;
				CLANG_WARN_BOOL_CONVERSION = YES;
				CLANG_WARN_CONSTANT_CONVERSION = YES;
				CLANG_WARN_DIRECT_OBJC_ISA_USAGE = YES_ERROR;
				CLANG_WARN_EMPTY_BODY = YES;
				CLANG_WARN_ENUM_CONVERSION = YES;
				CLANG_WARN_INT_CONVERSION = YES;
				CLANG_WARN_OBJC_ROOT_CLASS = YES_ERROR;
				CLANG_WARN_UNREACHABLE_CODE = YES;
				CLANG_WARN__DUPLICATE_METHOD_MATCH = YES;
				"CODE_SIGN_IDENTITY[sdk=iphoneos*]" = "iPhone Developer";
				COPY_PHASE_STRIP = NO;
				DEBUG_INFORMATION_FORMAT = "dwarf-with-dsym";
				ENABLE_NS_ASSERTIONS = NO;
				ENABLE_STRICT_OBJC_MSGSEND = YES;
				GCC_C_LANGUAGE_STANDARD = gnu99;
				GCC_NO_COMMON_BLOCKS = YES;
				GCC_WARN_64_TO_32_BIT_CONVERSION = YES;
				GCC_WARN_ABOUT_RETURN_TYPE = YES_ERROR;
				GCC_WARN_UNDECLARED_SELECTOR = YES;
				GCC_WARN_UNINITIALIZED_AUTOS = YES_AGGRESSIVE;
				GCC_WARN_UNUSED_FUNCTION = YES;
				GCC_WARN_UNUSED_VARIABLE = YES;
				IPHONEOS_DEPLOYMENT_TARGET = 9.3;
				MTL_ENABLE_DEBUG_INFO = NO;
				SDKROOT = iphoneos;
				TARGETED_DEVICE_FAMILY = "1,2";
				VALIDATE_PRODUCT = YES;
			};
			name = Release;
		};
		D483419C1D393CC2007A7F59 /* Debug */ = {
			isa = XCBuildConfiguration;
			baseConfigurationReference = C86C61648AEC3405553949B6 /* Pods-PureCodeUI.debug.xcconfig */;
			buildSettings = {
				ASSETCATALOG_COMPILER_APPICON_NAME = AppIcon;
				ASSETCATALOG_COMPILER_LAUNCHIMAGE_NAME = "Brand Assets";
				CODE_SIGN_IDENTITY = "iPhone Developer";
				"CODE_SIGN_IDENTITY[sdk=iphoneos*]" = "iPhone Developer";
				INFOPLIST_FILE = PureCodeUI/Info.plist;
				LD_RUNPATH_SEARCH_PATHS = "$(inherited) @executable_path/Frameworks";
				PRODUCT_BUNDLE_IDENTIFIER = TeraPico.PureCodeUI;
				PRODUCT_NAME = "$(TARGET_NAME)";
				PROVISIONING_PROFILE = "";
			};
			name = Debug;
		};
		D483419D1D393CC2007A7F59 /* Release */ = {
			isa = XCBuildConfiguration;
			baseConfigurationReference = 3DD302E7C8CA845E39C04B4B /* Pods-PureCodeUI.release.xcconfig */;
			buildSettings = {
				ASSETCATALOG_COMPILER_APPICON_NAME = AppIcon;
				ASSETCATALOG_COMPILER_LAUNCHIMAGE_NAME = "Brand Assets";
				CODE_SIGN_IDENTITY = "iPhone Developer";
				"CODE_SIGN_IDENTITY[sdk=iphoneos*]" = "iPhone Developer";
				INFOPLIST_FILE = PureCodeUI/Info.plist;
				LD_RUNPATH_SEARCH_PATHS = "$(inherited) @executable_path/Frameworks";
				PRODUCT_BUNDLE_IDENTIFIER = TeraPico.PureCodeUI;
				PRODUCT_NAME = "$(TARGET_NAME)";
				PROVISIONING_PROFILE = "";
			};
			name = Release;
		};
		D483419F1D393CC2007A7F59 /* Debug */ = {
			isa = XCBuildConfiguration;
			baseConfigurationReference = 6E67E2E68C27E7E58A47F5C9 /* Pods-PureCodeUITests.debug.xcconfig */;
			buildSettings = {
				BUNDLE_LOADER = "$(TEST_HOST)";
				INFOPLIST_FILE = PureCodeUITests/Info.plist;
				LD_RUNPATH_SEARCH_PATHS = "$(inherited) @executable_path/Frameworks @loader_path/Frameworks";
				PRODUCT_BUNDLE_IDENTIFIER = TeraPico.PureCodeUITests;
				PRODUCT_NAME = "$(TARGET_NAME)";
				TEST_HOST = "$(BUILT_PRODUCTS_DIR)/PureCodeUI.app/PureCodeUI";
			};
			name = Debug;
		};
		D48341A01D393CC2007A7F59 /* Release */ = {
			isa = XCBuildConfiguration;
			baseConfigurationReference = 45B0B917754AD39DEA3A9190 /* Pods-PureCodeUITests.release.xcconfig */;
			buildSettings = {
				BUNDLE_LOADER = "$(TEST_HOST)";
				INFOPLIST_FILE = PureCodeUITests/Info.plist;
				LD_RUNPATH_SEARCH_PATHS = "$(inherited) @executable_path/Frameworks @loader_path/Frameworks";
				PRODUCT_BUNDLE_IDENTIFIER = TeraPico.PureCodeUITests;
				PRODUCT_NAME = "$(TARGET_NAME)";
				TEST_HOST = "$(BUILT_PRODUCTS_DIR)/PureCodeUI.app/PureCodeUI";
			};
			name = Release;
		};
		D48341A21D393CC2007A7F59 /* Debug */ = {
			isa = XCBuildConfiguration;
			baseConfigurationReference = 747BFEBDDDC7CED3F418BFD1 /* Pods-PureCodeUIUITests.debug.xcconfig */;
			buildSettings = {
				INFOPLIST_FILE = PureCodeUIUITests/Info.plist;
				LD_RUNPATH_SEARCH_PATHS = "$(inherited) @executable_path/Frameworks @loader_path/Frameworks";
				PRODUCT_BUNDLE_IDENTIFIER = TeraPico.PureCodeUIUITests;
				PRODUCT_NAME = "$(TARGET_NAME)";
				TEST_TARGET_NAME = PureCodeUI;
			};
			name = Debug;
		};
		D48341A31D393CC2007A7F59 /* Release */ = {
			isa = XCBuildConfiguration;
			baseConfigurationReference = 9E8495FF3996121D815EF3B0 /* Pods-PureCodeUIUITests.release.xcconfig */;
			buildSettings = {
				INFOPLIST_FILE = PureCodeUIUITests/Info.plist;
				LD_RUNPATH_SEARCH_PATHS = "$(inherited) @executable_path/Frameworks @loader_path/Frameworks";
				PRODUCT_BUNDLE_IDENTIFIER = TeraPico.PureCodeUIUITests;
				PRODUCT_NAME = "$(TARGET_NAME)";
				TEST_TARGET_NAME = PureCodeUI;
			};
			name = Release;
		};
/* End XCBuildConfiguration section */

/* Begin XCConfigurationList section */
		D483416E1D393CC2007A7F59 /* Build configuration list for PBXProject "PureCodeUI" */ = {
			isa = XCConfigurationList;
			buildConfigurations = (
				D48341991D393CC2007A7F59 /* Debug */,
				D483419A1D393CC2007A7F59 /* Release */,
			);
			defaultConfigurationIsVisible = 0;
			defaultConfigurationName = Release;
		};
		D483419B1D393CC2007A7F59 /* Build configuration list for PBXNativeTarget "PureCodeUI" */ = {
			isa = XCConfigurationList;
			buildConfigurations = (
				D483419C1D393CC2007A7F59 /* Debug */,
				D483419D1D393CC2007A7F59 /* Release */,
			);
			defaultConfigurationIsVisible = 0;
			defaultConfigurationName = Release;
		};
		D483419E1D393CC2007A7F59 /* Build configuration list for PBXNativeTarget "PureCodeUITests" */ = {
			isa = XCConfigurationList;
			buildConfigurations = (
				D483419F1D393CC2007A7F59 /* Debug */,
				D48341A01D393CC2007A7F59 /* Release */,
			);
			defaultConfigurationIsVisible = 0;
			defaultConfigurationName = Release;
		};
		D48341A11D393CC2007A7F59 /* Build configuration list for PBXNativeTarget "PureCodeUIUITests" */ = {
			isa = XCConfigurationList;
			buildConfigurations = (
				D48341A21D393CC2007A7F59 /* Debug */,
				D48341A31D393CC2007A7F59 /* Release */,
			);
			defaultConfigurationIsVisible = 0;
			defaultConfigurationName = Release;
		};
/* End XCConfigurationList section */
	};
	rootObject = D483416B1D393CC2007A7F59 /* Project object */;
}
